
Microsoft Visual Studio Solution File, Format Version 12.00
Project("{FAE04EC0-301F-11D3-BF4B-00C04F79EFBC}") = "WarAndPeace", "WarAndPeace\WarAndPeace.csproj", "{765E3C45-220A-4DA5-95D1-5746100A4AC7}"
EndProject
Global
	GlobalSection(SolutionConfigurationPlatforms) = preSolution
		Debug|Any CPU = Debug|Any CPU
		Release|Any CPU = Release|Any CPU
	EndGlobalSection
	GlobalSection(ProjectConfigurationPlatforms) = postSolution
		{765E3C45-220A-4DA5-95D1-5746100A4AC7}.Debug|Any CPU.ActiveCfg = Debug|Any CPU
		{765E3C45-220A-4DA5-95D1-5746100A4AC7}.Debug|Any CPU.Build.0 = Debug|Any CPU
		{765E3C45-220A-4DA5-95D1-5746100A4AC7}.Release|Any CPU.ActiveCfg = Release|Any CPU
		{765E3C45-220A-4DA5-95D1-5746100A4AC7}.Release|Any CPU.Build.0 = Release|Any CPU
	EndGlobalSection
EndGlobal
